// !$*UTF8*$!
{
	archiveVersion = 1;
	classes = {
	};
	objectVersion = 55;
	objects = {

/* Begin PBXBuildFile section */
		4FB9DE7B5E4FF71E4713C2BB /* Pods_TeamMiniApp_API.framework in Frameworks */ = {isa = PBXBuildFile; fileRef = F67185BABEF2E648D9E54220 /* Pods_TeamMiniApp_API.framework */; };
		8781411027FD11460095AECD /* AppDelegate.swift in Sources */ = {isa = PBXBuildFile; fileRef = 8781410F27FD11460095AECD /* AppDelegate.swift */; };
		8781411227FD11460095AECD /* SceneDelegate.swift in Sources */ = {isa = PBXBuildFile; fileRef = 8781411127FD11460095AECD /* SceneDelegate.swift */; };
		8781411427FD11460095AECD /* ViewController.swift in Sources */ = {isa = PBXBuildFile; fileRef = 8781411327FD11460095AECD /* ViewController.swift */; };
		8781411727FD11460095AECD /* Main.storyboard in Resources */ = {isa = PBXBuildFile; fileRef = 8781411527FD11460095AECD /* Main.storyboard */; };
		8781411927FD11460095AECD /* Assets.xcassets in Resources */ = {isa = PBXBuildFile; fileRef = 8781411827FD11460095AECD /* Assets.xcassets */; };
		8781411C27FD11460095AECD /* LaunchScreen.storyboard in Resources */ = {isa = PBXBuildFile; fileRef = 8781411A27FD11460095AECD /* LaunchScreen.storyboard */; };
		8781412527FD1A910095AECD /* .swiftlint.yml in Resources */ = {isa = PBXBuildFile; fileRef = 8781412427FD1A910095AECD /* .swiftlint.yml */; };
		9553D519280158F200B4C78F /* SelectNumberTecArticleViewController.swift in Sources */ = {isa = PBXBuildFile; fileRef = 9553D518280158F200B4C78F /* SelectNumberTecArticleViewController.swift */; };
		9553D51C2801597700B4C78F /* TecArticleViewController.swift in Sources */ = {isa = PBXBuildFile; fileRef = 9553D51B2801597700B4C78F /* TecArticleViewController.swift */; };
		9553D51E2801598C00B4C78F /* WebTecArticleViewController.swift in Sources */ = {isa = PBXBuildFile; fileRef = 9553D51D2801598C00B4C78F /* WebTecArticleViewController.swift */; };
		9553D52128015DAE00B4C78F /* TecArticleTableViewCell.swift in Sources */ = {isa = PBXBuildFile; fileRef = 9553D51F28015DAE00B4C78F /* TecArticleTableViewCell.swift */; };
		9553D52228015DAE00B4C78F /* TecArticleTableViewCell.xib in Resources */ = {isa = PBXBuildFile; fileRef = 9553D52028015DAE00B4C78F /* TecArticleTableViewCell.xib */; };
		9553D52428015E5700B4C78F /* GetArticle.swift in Sources */ = {isa = PBXBuildFile; fileRef = 9553D52328015E5700B4C78F /* GetArticle.swift */; };
		9553D52628015E7B00B4C78F /* NewsArticle.swift in Sources */ = {isa = PBXBuildFile; fileRef = 9553D52528015E7B00B4C78F /* NewsArticle.swift */; };
/* End PBXBuildFile section */

/* Begin PBXFileReference section */
		8781410C27FD11460095AECD /* TeamMiniApp-API.app */ = {isa = PBXFileReference; explicitFileType = wrapper.application; includeInIndex = 0; path = "TeamMiniApp-API.app"; sourceTree = BUILT_PRODUCTS_DIR; };
		8781410F27FD11460095AECD /* AppDelegate.swift */ = {isa = PBXFileReference; lastKnownFileType = sourcecode.swift; path = AppDelegate.swift; sourceTree = "<group>"; };
		8781411127FD11460095AECD /* SceneDelegate.swift */ = {isa = PBXFileReference; lastKnownFileType = sourcecode.swift; path = SceneDelegate.swift; sourceTree = "<group>"; };
		8781411327FD11460095AECD /* ViewController.swift */ = {isa = PBXFileReference; lastKnownFileType = sourcecode.swift; path = ViewController.swift; sourceTree = "<group>"; };
		8781411627FD11460095AECD /* Base */ = {isa = PBXFileReference; lastKnownFileType = file.storyboard; name = Base; path = Base.lproj/Main.storyboard; sourceTree = "<group>"; };
		8781411827FD11460095AECD /* Assets.xcassets */ = {isa = PBXFileReference; lastKnownFileType = folder.assetcatalog; path = Assets.xcassets; sourceTree = "<group>"; };
		8781411B27FD11460095AECD /* Base */ = {isa = PBXFileReference; lastKnownFileType = file.storyboard; name = Base; path = Base.lproj/LaunchScreen.storyboard; sourceTree = "<group>"; };
		8781411D27FD11460095AECD /* Info.plist */ = {isa = PBXFileReference; lastKnownFileType = text.plist.xml; path = Info.plist; sourceTree = "<group>"; };
		8781412427FD1A910095AECD /* .swiftlint.yml */ = {isa = PBXFileReference; lastKnownFileType = text.yaml; path = .swiftlint.yml; sourceTree = "<group>"; };
		9553D518280158F200B4C78F /* SelectNumberTecArticleViewController.swift */ = {isa = PBXFileReference; lastKnownFileType = sourcecode.swift; path = SelectNumberTecArticleViewController.swift; sourceTree = "<group>"; };
		9553D51B2801597700B4C78F /* TecArticleViewController.swift */ = {isa = PBXFileReference; lastKnownFileType = sourcecode.swift; path = TecArticleViewController.swift; sourceTree = "<group>"; };
		9553D51D2801598C00B4C78F /* WebTecArticleViewController.swift */ = {isa = PBXFileReference; lastKnownFileType = sourcecode.swift; path = WebTecArticleViewController.swift; sourceTree = "<group>"; };
		9553D51F28015DAE00B4C78F /* TecArticleTableViewCell.swift */ = {isa = PBXFileReference; lastKnownFileType = sourcecode.swift; path = TecArticleTableViewCell.swift; sourceTree = "<group>"; };
		9553D52028015DAE00B4C78F /* TecArticleTableViewCell.xib */ = {isa = PBXFileReference; lastKnownFileType = file.xib; path = TecArticleTableViewCell.xib; sourceTree = "<group>"; };
		9553D52328015E5700B4C78F /* GetArticle.swift */ = {isa = PBXFileReference; lastKnownFileType = sourcecode.swift; path = GetArticle.swift; sourceTree = "<group>"; };
		9553D52528015E7B00B4C78F /* NewsArticle.swift */ = {isa = PBXFileReference; lastKnownFileType = sourcecode.swift; path = NewsArticle.swift; sourceTree = "<group>"; };
		B171D68812E28A942DA80197 /* Pods-TeamMiniApp-API.debug.xcconfig */ = {isa = PBXFileReference; includeInIndex = 1; lastKnownFileType = text.xcconfig; name = "Pods-TeamMiniApp-API.debug.xcconfig"; path = "Target Support Files/Pods-TeamMiniApp-API/Pods-TeamMiniApp-API.debug.xcconfig"; sourceTree = "<group>"; };
		F67185BABEF2E648D9E54220 /* Pods_TeamMiniApp_API.framework */ = {isa = PBXFileReference; explicitFileType = wrapper.framework; includeInIndex = 0; path = Pods_TeamMiniApp_API.framework; sourceTree = BUILT_PRODUCTS_DIR; };
		FBC26C711A97690244CDC229 /* Pods-TeamMiniApp-API.release.xcconfig */ = {isa = PBXFileReference; includeInIndex = 1; lastKnownFileType = text.xcconfig; name = "Pods-TeamMiniApp-API.release.xcconfig"; path = "Target Support Files/Pods-TeamMiniApp-API/Pods-TeamMiniApp-API.release.xcconfig"; sourceTree = "<group>"; };
/* End PBXFileReference section */

/* Begin PBXFrameworksBuildPhase section */
		8781410927FD11460095AECD /* Frameworks */ = {
			isa = PBXFrameworksBuildPhase;
			buildActionMask = 2147483647;
			files = (
				4FB9DE7B5E4FF71E4713C2BB /* Pods_TeamMiniApp_API.framework in Frameworks */,
			);
			runOnlyForDeploymentPostprocessing = 0;
		};
/* End PBXFrameworksBuildPhase section */

/* Begin PBXGroup section */
		28B9AEAF17F34F026F8F008F /* Frameworks */ = {
			isa = PBXGroup;
			children = (
				F67185BABEF2E648D9E54220 /* Pods_TeamMiniApp_API.framework */,
			);
			name = Frameworks;
			sourceTree = "<group>";
		};
		8781410327FD11460095AECD = {
			isa = PBXGroup;
			children = (
				8781410E27FD11460095AECD /* TeamMiniApp-API */,
				8781410D27FD11460095AECD /* Products */,
				BCDCF2C3849305B3EDE8DD7A /* Pods */,
				28B9AEAF17F34F026F8F008F /* Frameworks */,
			);
			sourceTree = "<group>";
		};
		8781410D27FD11460095AECD /* Products */ = {
			isa = PBXGroup;
			children = (
				8781410C27FD11460095AECD /* TeamMiniApp-API.app */,
			);
			name = Products;
			sourceTree = "<group>";
		};
		8781410E27FD11460095AECD /* TeamMiniApp-API */ = {
			isa = PBXGroup;
			children = (
				9553D51A2801596000B4C78F /* Tec */,
				8781410F27FD11460095AECD /* AppDelegate.swift */,
				8781411127FD11460095AECD /* SceneDelegate.swift */,
				8781411327FD11460095AECD /* ViewController.swift */,
				8781411527FD11460095AECD /* Main.storyboard */,
				8781411827FD11460095AECD /* Assets.xcassets */,
				8781411A27FD11460095AECD /* LaunchScreen.storyboard */,
				8781411D27FD11460095AECD /* Info.plist */,
				8781412427FD1A910095AECD /* .swiftlint.yml */,
			);
			path = "TeamMiniApp-API";
			sourceTree = "<group>";
		};
		9553D51A2801596000B4C78F /* Tec */ = {
			isa = PBXGroup;
			children = (
				9553D518280158F200B4C78F /* SelectNumberTecArticleViewController.swift */,
				9553D51B2801597700B4C78F /* TecArticleViewController.swift */,
				9553D51D2801598C00B4C78F /* WebTecArticleViewController.swift */,
				9553D51F28015DAE00B4C78F /* TecArticleTableViewCell.swift */,
				9553D52028015DAE00B4C78F /* TecArticleTableViewCell.xib */,
				9553D52328015E5700B4C78F /* GetArticle.swift */,
				9553D52528015E7B00B4C78F /* NewsArticle.swift */,
			);
			path = Tec;
			sourceTree = "<group>";
		};
		BCDCF2C3849305B3EDE8DD7A /* Pods */ = {
			isa = PBXGroup;
			children = (
				B171D68812E28A942DA80197 /* Pods-TeamMiniApp-API.debug.xcconfig */,
				FBC26C711A97690244CDC229 /* Pods-TeamMiniApp-API.release.xcconfig */,
			);
			path = Pods;
			sourceTree = "<group>";
		};
/* End PBXGroup section */

/* Begin PBXNativeTarget section */
		8781410B27FD11460095AECD /* TeamMiniApp-API */ = {
			isa = PBXNativeTarget;
			buildConfigurationList = 8781412027FD11460095AECD /* Build configuration list for PBXNativeTarget "TeamMiniApp-API" */;
			buildPhases = (
				28561D2C7C3BD5F5C5CA4C7B /* [CP] Check Pods Manifest.lock */,
				8781410827FD11460095AECD /* Sources */,
				8781410927FD11460095AECD /* Frameworks */,
				8781410A27FD11460095AECD /* Resources */,
				8781412327FD1A620095AECD /* ShellScript */,
				12369CA27E970E5FB103F6B6 /* [CP] Embed Pods Frameworks */,
			);
			buildRules = (
			);
			dependencies = (
			);
			name = "TeamMiniApp-API";
			productName = "TeamMiniApp-API";
			productReference = 8781410C27FD11460095AECD /* TeamMiniApp-API.app */;
			productType = "com.apple.product-type.application";
		};
/* End PBXNativeTarget section */

/* Begin PBXProject section */
		8781410427FD11460095AECD /* Project object */ = {
			isa = PBXProject;
			attributes = {
				BuildIndependentTargetsInParallel = 1;
				LastSwiftUpdateCheck = 1330;
				LastUpgradeCheck = 1330;
				TargetAttributes = {
					8781410B27FD11460095AECD = {
						CreatedOnToolsVersion = 13.3;
					};
				};
			};
			buildConfigurationList = 8781410727FD11460095AECD /* Build configuration list for PBXProject "TeamMiniApp-API" */;
			compatibilityVersion = "Xcode 13.0";
			developmentRegion = en;
			hasScannedForEncodings = 0;
			knownRegions = (
				en,
				Base,
			);
			mainGroup = 8781410327FD11460095AECD;
			productRefGroup = 8781410D27FD11460095AECD /* Products */;
			projectDirPath = "";
			projectRoot = "";
			targets = (
				8781410B27FD11460095AECD /* TeamMiniApp-API */,
			);
		};
/* End PBXProject section */

/* Begin PBXResourcesBuildPhase section */
		8781410A27FD11460095AECD /* Resources */ = {
			isa = PBXResourcesBuildPhase;
			buildActionMask = 2147483647;
			files = (
				8781412527FD1A910095AECD /* .swiftlint.yml in Resources */,
				8781411C27FD11460095AECD /* LaunchScreen.storyboard in Resources */,
				8781411927FD11460095AECD /* Assets.xcassets in Resources */,
				8781411727FD11460095AECD /* Main.storyboard in Resources */,
				9553D52228015DAE00B4C78F /* TecArticleTableViewCell.xib in Resources */,
			);
			runOnlyForDeploymentPostprocessing = 0;
		};
/* End PBXResourcesBuildPhase section */

/* Begin PBXShellScriptBuildPhase section */
		12369CA27E970E5FB103F6B6 /* [CP] Embed Pods Frameworks */ = {
			isa = PBXShellScriptBuildPhase;
			buildActionMask = 2147483647;
			files = (
			);
			inputFileListPaths = (
				"${PODS_ROOT}/Target Support Files/Pods-TeamMiniApp-API/Pods-TeamMiniApp-API-frameworks-${CONFIGURATION}-input-files.xcfilelist",
			);
			name = "[CP] Embed Pods Frameworks";
			outputFileListPaths = (
				"${PODS_ROOT}/Target Support Files/Pods-TeamMiniApp-API/Pods-TeamMiniApp-API-frameworks-${CONFIGURATION}-output-files.xcfilelist",
			);
			runOnlyForDeploymentPostprocessing = 0;
			shellPath = /bin/sh;
			shellScript = "\"${PODS_ROOT}/Target Support Files/Pods-TeamMiniApp-API/Pods-TeamMiniApp-API-frameworks.sh\"\n";
			showEnvVarsInLog = 0;
		};
		28561D2C7C3BD5F5C5CA4C7B /* [CP] Check Pods Manifest.lock */ = {
			isa = PBXShellScriptBuildPhase;
			buildActionMask = 2147483647;
			files = (
			);
			inputFileListPaths = (
			);
			inputPaths = (
				"${PODS_PODFILE_DIR_PATH}/Podfile.lock",
				"${PODS_ROOT}/Manifest.lock",
			);
			name = "[CP] Check Pods Manifest.lock";
			outputFileListPaths = (
			);
			outputPaths = (
				"$(DERIVED_FILE_DIR)/Pods-TeamMiniApp-API-checkManifestLockResult.txt",
			);
			runOnlyForDeploymentPostprocessing = 0;
			shellPath = /bin/sh;
			shellScript = "diff \"${PODS_PODFILE_DIR_PATH}/Podfile.lock\" \"${PODS_ROOT}/Manifest.lock\" > /dev/null\nif [ $? != 0 ] ; then\n    # print error to STDERR\n    echo \"error: The sandbox is not in sync with the Podfile.lock. Run 'pod install' or update your CocoaPods installation.\" >&2\n    exit 1\nfi\n# This output is used by Xcode 'outputs' to avoid re-running this script phase.\necho \"SUCCESS\" > \"${SCRIPT_OUTPUT_FILE_0}\"\n";
			showEnvVarsInLog = 0;
		};
		8781412327FD1A620095AECD /* ShellScript */ = {
			isa = PBXShellScriptBuildPhase;
			buildActionMask = 2147483647;
			files = (
			);
			inputFileListPaths = (
			);
			inputPaths = (
			);
			outputFileListPaths = (
			);
			outputPaths = (
			);
			runOnlyForDeploymentPostprocessing = 0;
			shellPath = /bin/sh;
			shellScript = "
";
		};
/* End PBXShellScriptBuildPhase section */

/* Begin PBXSourcesBuildPhase section */
		8781410827FD11460095AECD /* Sources */ = {
			isa = PBXSourcesBuildPhase;
			buildActionMask = 2147483647;
			files = (
				9553D519280158F200B4C78F /* SelectNumberTecArticleViewController.swift in Sources */,
				9553D51E2801598C00B4C78F /* WebTecArticleViewController.swift in Sources */,
				8781411427FD11460095AECD /* ViewController.swift in Sources */,
				9553D52128015DAE00B4C78F /* TecArticleTableViewCell.swift in Sources */,
				9553D52628015E7B00B4C78F /* NewsArticle.swift in Sources */,
				9553D51C2801597700B4C78F /* TecArticleViewController.swift in Sources */,
				9553D52428015E5700B4C78F /* GetArticle.swift in Sources */,
				8781411027FD11460095AECD /* AppDelegate.swift in Sources */,
				8781411227FD11460095AECD /* SceneDelegate.swift in Sources */,
			);
			runOnlyForDeploymentPostprocessing = 0;
		};
/* End PBXSourcesBuildPhase section */

/* Begin PBXVariantGroup section */
		8781411527FD11460095AECD /* Main.storyboard */ = {
			isa = PBXVariantGroup;
			children = (
				8781411627FD11460095AECD /* Base */,
			);
			name = Main.storyboard;
			sourceTree = "<group>";
		};
		8781411A27FD11460095AECD /* LaunchScreen.storyboard */ = {
			isa = PBXVariantGroup;
			children = (
				8781411B27FD11460095AECD /* Base */,
			);
			name = LaunchScreen.storyboard;
			sourceTree = "<group>";
		};
/* End PBXVariantGroup section */

/* Begin XCBuildConfiguration section */
		8781411E27FD11460095AECD /* Debug */ = {
			isa = XCBuildConfiguration;
			buildSettings = {
				ALWAYS_SEARCH_USER_PATHS = NO;
				CLANG_ANALYZER_NONNULL = YES;
				CLANG_ANALYZER_NUMBER_OBJECT_CONVERSION = YES_AGGRESSIVE;
				CLANG_CXX_LANGUAGE_STANDARD = "gnu++17";
				CLANG_ENABLE_MODULES = YES;
				CLANG_ENABLE_OBJC_ARC = YES;
				CLANG_ENABLE_OBJC_WEAK = YES;
				CLANG_WARN_BLOCK_CAPTURE_AUTORELEASING = YES;
				CLANG_WARN_BOOL_CONVERSION = YES;
				CLANG_WARN_COMMA = YES;
				CLANG_WARN_CONSTANT_CONVERSION = YES;
				CLANG_WARN_DEPRECATED_OBJC_IMPLEMENTATIONS = YES;
				CLANG_WARN_DIRECT_OBJC_ISA_USAGE = YES_ERROR;
				CLANG_WARN_DOCUMENTATION_COMMENTS = YES;
				CLANG_WARN_EMPTY_BODY = YES;
				CLANG_WARN_ENUM_CONVERSION = YES;
				CLANG_WARN_INFINITE_RECURSION = YES;
				CLANG_WARN_INT_CONVERSION = YES;
				CLANG_WARN_NON_LITERAL_NULL_CONVERSION = YES;
				CLANG_WARN_OBJC_IMPLICIT_RETAIN_SELF = YES;
				CLANG_WARN_OBJC_LITERAL_CONVERSION = YES;
				CLANG_WARN_OBJC_ROOT_CLASS = YES_ERROR;
				CLANG_WARN_QUOTED_INCLUDE_IN_FRAMEWORK_HEADER = YES;
				CLANG_WARN_RANGE_LOOP_ANALYSIS = YES;
				CLANG_WARN_STRICT_PROTOTYPES = YES;
				CLANG_WARN_SUSPICIOUS_MOVE = YES;
				CLANG_WARN_UNGUARDED_AVAILABILITY = YES_AGGRESSIVE;
				CLANG_WARN_UNREACHABLE_CODE = YES;
				CLANG_WARN__DUPLICATE_METHOD_MATCH = YES;
				COPY_PHASE_STRIP = NO;
				DEBUG_INFORMATION_FORMAT = dwarf;
				ENABLE_STRICT_OBJC_MSGSEND = YES;
				ENABLE_TESTABILITY = YES;
				GCC_C_LANGUAGE_STANDARD = gnu11;
				GCC_DYNAMIC_NO_PIC = NO;
				GCC_NO_COMMON_BLOCKS = YES;
				GCC_OPTIMIZATION_LEVEL = 0;
				GCC_PREPROCESSOR_DEFINITIONS = (
					"DEBUG=1",
					"$(inherited)",
				);
				GCC_WARN_64_TO_32_BIT_CONVERSION = YES;
				GCC_WARN_ABOUT_RETURN_TYPE = YES_ERROR;
				GCC_WARN_UNDECLARED_SELECTOR = YES;
				GCC_WARN_UNINITIALIZED_AUTOS = YES_AGGRESSIVE;
				GCC_WARN_UNUSED_FUNCTION = YES;
				GCC_WARN_UNUSED_VARIABLE = YES;
				IPHONEOS_DEPLOYMENT_TARGET = 15.4;
				MTL_ENABLE_DEBUG_INFO = INCLUDE_SOURCE;
				MTL_FAST_MATH = YES;
				ONLY_ACTIVE_ARCH = YES;
				SDKROOT = iphoneos;
				SWIFT_ACTIVE_COMPILATION_CONDITIONS = DEBUG;
				SWIFT_OPTIMIZATION_LEVEL = "-Onone";
			};
			name = Debug;
		};
		8781411F27FD11460095AECD /* Release */ = {
			isa = XCBuildConfiguration;
			buildSettings = {
				ALWAYS_SEARCH_USER_PATHS = NO;
				CLANG_ANALYZER_NONNULL = YES;
				CLANG_ANALYZER_NUMBER_OBJECT_CONVERSION = YES_AGGRESSIVE;
				CLANG_CXX_LANGUAGE_STANDARD = "gnu++17";
				CLANG_ENABLE_MODULES = YES;
				CLANG_ENABLE_OBJC_ARC = YES;
				CLANG_ENABLE_OBJC_WEAK = YES;
				CLANG_WARN_BLOCK_CAPTURE_AUTORELEASING = YES;
				CLANG_WARN_BOOL_CONVERSION = YES;
				CLANG_WARN_COMMA = YES;
				CLANG_WARN_CONSTANT_CONVERSION = YES;
				CLANG_WARN_DEPRECATED_OBJC_IMPLEMENTATIONS = YES;
				CLANG_WARN_DIRECT_OBJC_ISA_USAGE = YES_ERROR;
				CLANG_WARN_DOCUMENTATION_COMMENTS = YES;
				CLANG_WARN_EMPTY_BODY = YES;
				CLANG_WARN_ENUM_CONVERSION = YES;
				CLANG_WARN_INFINITE_RECURSION = YES;
				CLANG_WARN_INT_CONVERSION = YES;
				CLANG_WARN_NON_LITERAL_NULL_CONVERSION = YES;
				CLANG_WARN_OBJC_IMPLICIT_RETAIN_SELF = YES;
				CLANG_WARN_OBJC_LITERAL_CONVERSION = YES;
				CLANG_WARN_OBJC_ROOT_CLASS = YES_ERROR;
				CLANG_WARN_QUOTED_INCLUDE_IN_FRAMEWORK_HEADER = YES;
				CLANG_WARN_RANGE_LOOP_ANALYSIS = YES;
				CLANG_WARN_STRICT_PROTOTYPES = YES;
				CLANG_WARN_SUSPICIOUS_MOVE = YES;
				CLANG_WARN_UNGUARDED_AVAILABILITY = YES_AGGRESSIVE;
				CLANG_WARN_UNREACHABLE_CODE = YES;
				CLANG_WARN__DUPLICATE_METHOD_MATCH = YES;
				COPY_PHASE_STRIP = NO;
				DEBUG_INFORMATION_FORMAT = "dwarf-with-dsym";
				ENABLE_NS_ASSERTIONS = NO;
				ENABLE_STRICT_OBJC_MSGSEND = YES;
				GCC_C_LANGUAGE_STANDARD = gnu11;
				GCC_NO_COMMON_BLOCKS = YES;
				GCC_WARN_64_TO_32_BIT_CONVERSION = YES;
				GCC_WARN_ABOUT_RETURN_TYPE = YES_ERROR;
				GCC_WARN_UNDECLARED_SELECTOR = YES;
				GCC_WARN_UNINITIALIZED_AUTOS = YES_AGGRESSIVE;
				GCC_WARN_UNUSED_FUNCTION = YES;
				GCC_WARN_UNUSED_VARIABLE = YES;
				IPHONEOS_DEPLOYMENT_TARGET = 15.4;
				MTL_ENABLE_DEBUG_INFO = NO;
				MTL_FAST_MATH = YES;
				SDKROOT = iphoneos;
				SWIFT_COMPILATION_MODE = wholemodule;
				SWIFT_OPTIMIZATION_LEVEL = "-O";
				VALIDATE_PRODUCT = YES;
			};
			name = Release;
		};
		8781412127FD11460095AECD /* Debug */ = {
			isa = XCBuildConfiguration;
			baseConfigurationReference = B171D68812E28A942DA80197 /* Pods-TeamMiniApp-API.debug.xcconfig */;
			buildSettings = {
				ASSETCATALOG_COMPILER_APPICON_NAME = AppIcon;
				ASSETCATALOG_COMPILER_GLOBAL_ACCENT_COLOR_NAME = AccentColor;
				CODE_SIGN_STYLE = Automatic;
				CURRENT_PROJECT_VERSION = 1;
				DEVELOPMENT_TEAM = 558ZJSQN67;
				GENERATE_INFOPLIST_FILE = YES;
				INFOPLIST_FILE = "TeamMiniApp-API/Info.plist";
				INFOPLIST_KEY_UIApplicationSupportsIndirectInputEvents = YES;
				INFOPLIST_KEY_UILaunchStoryboardName = LaunchScreen;
				INFOPLIST_KEY_UIMainStoryboardFile = Main;
				INFOPLIST_KEY_UISupportedInterfaceOrientations_iPad = "UIInterfaceOrientationPortrait UIInterfaceOrientationPortraitUpsideDown UIInterfaceOrientationLandscapeLeft UIInterfaceOrientationLandscapeRight";
				INFOPLIST_KEY_UISupportedInterfaceOrientations_iPhone = "UIInterfaceOrientationPortrait UIInterfaceOrientationLandscapeLeft UIInterfaceOrientationLandscapeRight";
				LD_RUNPATH_SEARCH_PATHS = (
					"$(inherited)",
					"@executable_path/Frameworks",
				);
				MARKETING_VERSION = 1.0;
				PRODUCT_BUNDLE_IDENTIFIER = "org.tetoblog.TeamMiniApp-API";
				PRODUCT_NAME = "$(TARGET_NAME)";
				SWIFT_EMIT_LOC_STRINGS = YES;
				SWIFT_VERSION = 5.0;
				TARGETED_DEVICE_FAMILY = "1,2";
			};
			name = Debug;
		};
		8781412227FD11460095AECD /* Release */ = {
			isa = XCBuildConfiguration;
			baseConfigurationReference = FBC26C711A97690244CDC229 /* Pods-TeamMiniApp-API.release.xcconfig */;
			buildSettings = {
				ASSETCATALOG_COMPILER_APPICON_NAME = AppIcon;
				ASSETCATALOG_COMPILER_GLOBAL_ACCENT_COLOR_NAME = AccentColor;
				CODE_SIGN_STYLE = Automatic;
				CURRENT_PROJECT_VERSION = 1;
				DEVELOPMENT_TEAM = 558ZJSQN67;
				GENERATE_INFOPLIST_FILE = YES;
				INFOPLIST_FILE = "TeamMiniApp-API/Info.plist";
				INFOPLIST_KEY_UIApplicationSupportsIndirectInputEvents = YES;
				INFOPLIST_KEY_UILaunchStoryboardName = LaunchScreen;
				INFOPLIST_KEY_UIMainStoryboardFile = Main;
				INFOPLIST_KEY_UISupportedInterfaceOrientations_iPad = "UIInterfaceOrientationPortrait UIInterfaceOrientationPortraitUpsideDown UIInterfaceOrientationLandscapeLeft UIInterfaceOrientationLandscapeRight";
				INFOPLIST_KEY_UISupportedInterfaceOrientations_iPhone = "UIInterfaceOrientationPortrait UIInterfaceOrientationLandscapeLeft UIInterfaceOrientationLandscapeRight";
				LD_RUNPATH_SEARCH_PATHS = (
					"$(inherited)",
					"@executable_path/Frameworks",
				);
				MARKETING_VERSION = 1.0;
				PRODUCT_BUNDLE_IDENTIFIER = "org.tetoblog.TeamMiniApp-API";
				PRODUCT_NAME = "$(TARGET_NAME)";
				SWIFT_EMIT_LOC_STRINGS = YES;
				SWIFT_VERSION = 5.0;
				TARGETED_DEVICE_FAMILY = "1,2";
			};
			name = Release;
		};
/* End XCBuildConfiguration section */

/* Begin XCConfigurationList section */
		8781410727FD11460095AECD /* Build configuration list for PBXProject "TeamMiniApp-API" */ = {
			isa = XCConfigurationList;
			buildConfigurations = (
				8781411E27FD11460095AECD /* Debug */,
				8781411F27FD11460095AECD /* Release */,
			);
			defaultConfigurationIsVisible = 0;
			defaultConfigurationName = Release;
		};
		8781412027FD11460095AECD /* Build configuration list for PBXNativeTarget "TeamMiniApp-API" */ = {
			isa = XCConfigurationList;
			buildConfigurations = (
				8781412127FD11460095AECD /* Debug */,
				8781412227FD11460095AECD /* Release */,
			);
			defaultConfigurationIsVisible = 0;
			defaultConfigurationName = Release;
		};
/* End XCConfigurationList section */
	};
	rootObject = 8781410427FD11460095AECD /* Project object */;
}
